
Microsoft Visual Studio Solution File, Format Version 12.00
# Visual Studio Version 17
VisualStudioVersion = 17.10.35122.118
MinimumVisualStudioVersion = 10.0.40219.1
Project("{888888A0-9F3D-457C-B088-3A5042F75D52}") = "BasicMathCalculator", "BasicMathCalculator.pyproj", "{72567C51-62AE-4061-9228-FDF5ED026904}"
EndProject
Global
	GlobalSection(SolutionConfigurationPlatforms) = preSolution
		Debug|Any CPU = Debug|Any CPU
		Release|Any CPU = Release|Any CPU
	EndGlobalSection
	GlobalSection(ProjectConfigurationPlatforms) = postSolution
		{72567C51-62AE-4061-9228-FDF5ED026904}.Debug|Any CPU.ActiveCfg = Debug|Any CPU
		{72567C51-62AE-4061-9228-FDF5ED026904}.Release|Any CPU.ActiveCfg = Release|Any CPU
	EndGlobalSection
	GlobalSection(SolutionProperties) = preSolution
		HideSolutionNode = FALSE
	EndGlobalSection
	GlobalSection(ExtensibilityGlobals) = postSolution
		SolutionGuid = {333F5A8A-D799-4B50-A692-17FA05D639CD}
	EndGlobalSection
EndGlobal
